<?xml version="1.0" encoding="utf-8"?>
<Project ToolsVersion="4.0" xmlns="http://schemas.microsoft.com/developer/msbuild/2003">
  <ItemGroup>
    <Filter Include="Source Files">
      <UniqueIdentifier>{4FC737F1-C7A5-4376-A066-2A32D752A2FF}</UniqueIdentifier>
      <Extensions>cpp;cxx;c;def</Extensions>
    </Filter>
    <Filter Include="Header Files">
      <UniqueIdentifier>{93995380-89BD-4b04-88EB-625FBE52EBFB}</UniqueIdentifier>
      <Extensions>h</Extensions>
    </Filter>
    <Filter Include="Form Files">
      <UniqueIdentifier>{99349809-55BA-4b9d-BF79-8FDBB0286EB3}</UniqueIdentifier>
      <Extensions>ui</Extensions>
    </Filter>
    <Filter Include="Resource Files">
      <UniqueIdentifier>{D9D6E242-F8AF-46E4-B9FD-80ECBC20BA3E}</UniqueIdentifier>
      <Extensions>qrc;*</Extensions>
      <ParseFiles>false</ParseFiles>
    </Filter>
    <Filter Include="Generated Files">
      <UniqueIdentifier>{71ED8ED8-ACB9-4CE9-BBE1-E00B30144E11}</UniqueIdentifier>
      <Extensions>moc;h;cpp</Extensions>
      <SourceControlFiles>False</SourceControlFiles>
    </Filter>
    <Filter Include="Generated Files\Debug">
      <UniqueIdentifier>{0eff8dde-6362-4a51-bf13-7c9b9674b7bb}</UniqueIdentifier>
      <Extensions>cpp;moc</Extensions>
      <SourceControlFiles>False</SourceControlFiles>
    </Filter>
    <Filter Include="Generated Files\Release">
      <UniqueIdentifier>{ac01efd5-7114-4a81-ab6c-8c73e2f6caa0}</UniqueIdentifier>
      <Extensions>cpp;moc</Extensions>
      <SourceControlFiles>False</SourceControlFiles>
    </Filter>
    <Filter Include="Generated Files\DiskSN Release">
      <UniqueIdentifier>{a492d8bf-23be-4794-a217-b3e956db6e44}</UniqueIdentifier>
      <Extensions>cpp;moc</Extensions>
      <SourceControlFiles>False</SourceControlFiles>
    </Filter>
    <Filter Include="Generated Files\Ukey Release">
      <UniqueIdentifier>{9ca1dfdb-1611-45ce-8563-77d46f73fb98}</UniqueIdentifier>
      <Extensions>cpp;moc</Extensions>
      <SourceControlFiles>False</SourceControlFiles>
    </Filter>
    <Filter Include="VCA">
      <UniqueIdentifier>{0a3897a8-6a8a-47fc-aa56-10770341389d}</UniqueIdentifier>
    </Filter>
    <Filter Include="VCA\VCAMeta">
      <UniqueIdentifier>{7bf842c2-529a-4872-9598-119f8288340d}</UniqueIdentifier>
    </Filter>
    <Filter Include="VCA\VCAMeta\ixml">
      <UniqueIdentifier>{29deaf88-21b7-46a8-bb8e-a774fa46a834}</UniqueIdentifier>
    </Filter>
    <Filter Include="VCA\VCAConfigure">
      <UniqueIdentifier>{a02d0e44-8531-4911-b141-d0c2252b6ea9}</UniqueIdentifier>
    </Filter>
    <Filter Include="VCA\Render">
      <UniqueIdentifier>{443c0112-c0eb-4565-a58c-7aebceb52c75}</UniqueIdentifier>
    </Filter>
    <Filter Include="Generated Files\LocalMacRelease">
      <UniqueIdentifier>{bbd8045a-2687-461f-b81d-082fbec4f668}</UniqueIdentifier>
      <Extensions>cpp;moc</Extensions>
      <SourceControlFiles>False</SourceControlFiles>
    </Filter>
  </ItemGroup>
  <ItemGroup>
    <ClCompile Include="main.cpp">
      <Filter>Source Files</Filter>
    </ClCompile>
    <ClCompile Include="sisecplayer.cpp">
      <Filter>Source Files</Filter>
    </ClCompile>
    <ClCompile Include="GeneratedFiles\qrc_sisecplayer.cpp">
      <Filter>Generated Files</Filter>
    </ClCompile>
    <ClCompile Include="noflamedlg.cpp">
      <Filter>Source Files</Filter>
    </ClCompile>
    <ClCompile Include="cdialogmain.cpp">
      <Filter>Source Files</Filter>
    </ClCompile>
    <ClCompile Include="cformplayctrl.cpp">
      <Filter>Source Files</Filter>
    </ClCompile>
    <ClCompile Include="cwidgetplaywnd.cpp">
      <Filter>Source Files</Filter>
    </ClCompile>
    <ClCompile Include="cmyslider.cpp">
      <Filter>Source Files</Filter>
    </ClCompile>
    <ClCompile Include="singleapllication.cpp">
      <Filter>Source Files</Filter>
    </ClCompile>
    <ClCompile Include="GetMac.cpp">
      <Filter>Source Files</Filter>
    </ClCompile>
    <ClCompile Include="md5.cpp">
      <Filter>Source Files</Filter>
    </ClCompile>
    <ClCompile Include="dialog.cpp">
      <Filter>Source Files</Filter>
    </ClCompile>
    <ClCompile Include="settings.cpp">
      <Filter>Source Files</Filter>
    </ClCompile>
    <ClCompile Include="cdialogdubbing.cpp">
      <Filter>Source Files</Filter>
    </ClCompile>
    <ClCompile Include="cdialoghelp.cpp">
      <Filter>Source Files</Filter>
    </ClCompile>
    <ClCompile Include="cdialogconfig.cpp">
      <Filter>Source Files</Filter>
    </ClCompile>
    <ClCompile Include="cdialogmessagebox.cpp">
      <Filter>Source Files</Filter>
    </ClCompile>
    <ClCompile Include="cupdatedlg.cpp">
      <Filter>Source Files</Filter>
    </ClCompile>
    <ClCompile Include="GetdiskSN.cpp">
      <Filter>Source Files</Filter>
    </ClCompile>
    <ClCompile Include="cdialogconverter.cpp">
      <Filter>Source Files</Filter>
    </ClCompile>
    <ClCompile Include="cdialogconverterpreview.cpp">
      <Filter>Source Files</Filter>
    </ClCompile>
    <ClCompile Include="cdialogcut.cpp">
      <Filter>Source Files</Filter>
    </ClCompile>
    <ClCompile Include="GeneratedFiles\Ukey Release\moc_cdialogcut.cpp">
      <Filter>Generated Files\Ukey Release</Filter>
    </ClCompile>
    <ClCompile Include="GeneratedFiles\DiskSN Release\moc_cdialogcut.cpp">
      <Filter>Generated Files\DiskSN Release</Filter>
    </ClCompile>
    <ClCompile Include="GeneratedFiles\Debug\moc_cdialogcut.cpp">
      <Filter>Generated Files\Debug</Filter>
    </ClCompile>
    <ClCompile Include="GeneratedFiles\Release\moc_cdialogcut.cpp">
      <Filter>Generated Files\Release</Filter>
    </ClCompile>
    <ClCompile Include="GeneratedFiles\Ukey Release\moc_cdialogconverterpreview.cpp">
      <Filter>Generated Files\Ukey Release</Filter>
    </ClCompile>
    <ClCompile Include="GeneratedFiles\DiskSN Release\moc_cdialogconverterpreview.cpp">
      <Filter>Generated Files\DiskSN Release</Filter>
    </ClCompile>
    <ClCompile Include="GeneratedFiles\Debug\moc_cdialogconverterpreview.cpp">
      <Filter>Generated Files\Debug</Filter>
    </ClCompile>
    <ClCompile Include="GeneratedFiles\Release\moc_cdialogconverterpreview.cpp">
      <Filter>Generated Files\Release</Filter>
    </ClCompile>
    <ClCompile Include="GeneratedFiles\Ukey Release\moc_cdialogconverter.cpp">
      <Filter>Generated Files\Ukey Release</Filter>
    </ClCompile>
    <ClCompile Include="GeneratedFiles\DiskSN Release\moc_cdialogconverter.cpp">
      <Filter>Generated Files\DiskSN Release</Filter>
    </ClCompile>
    <ClCompile Include="GeneratedFiles\Debug\moc_cdialogconverter.cpp">
      <Filter>Generated Files\Debug</Filter>
    </ClCompile>
    <ClCompile Include="GeneratedFiles\Release\moc_cdialogconverter.cpp">
      <Filter>Generated Files\Release</Filter>
    </ClCompile>
    <ClCompile Include="GeneratedFiles\Ukey Release\moc_sisecplayer.cpp">
      <Filter>Generated Files\Ukey Release</Filter>
    </ClCompile>
    <ClCompile Include="GeneratedFiles\DiskSN Release\moc_sisecplayer.cpp">
      <Filter>Generated Files\DiskSN Release</Filter>
    </ClCompile>
    <ClCompile Include="GeneratedFiles\Debug\moc_sisecplayer.cpp">
      <Filter>Generated Files\Debug</Filter>
    </ClCompile>
    <ClCompile Include="GeneratedFiles\Release\moc_sisecplayer.cpp">
      <Filter>Generated Files\Release</Filter>
    </ClCompile>
    <ClCompile Include="GeneratedFiles\Ukey Release\moc_singleapllication.cpp">
      <Filter>Generated Files\Ukey Release</Filter>
    </ClCompile>
    <ClCompile Include="GeneratedFiles\DiskSN Release\moc_singleapllication.cpp">
      <Filter>Generated Files\DiskSN Release</Filter>
    </ClCompile>
    <ClCompile Include="GeneratedFiles\Debug\moc_singleapllication.cpp">
      <Filter>Generated Files\Debug</Filter>
    </ClCompile>
    <ClCompile Include="GeneratedFiles\Release\moc_singleapllication.cpp">
      <Filter>Generated Files\Release</Filter>
    </ClCompile>
    <ClCompile Include="GeneratedFiles\Ukey Release\moc_noflamedlg.cpp">
      <Filter>Generated Files\Ukey Release</Filter>
    </ClCompile>
    <ClCompile Include="GeneratedFiles\DiskSN Release\moc_noflamedlg.cpp">
      <Filter>Generated Files\DiskSN Release</Filter>
    </ClCompile>
    <ClCompile Include="GeneratedFiles\Debug\moc_noflamedlg.cpp">
      <Filter>Generated Files\Debug</Filter>
    </ClCompile>
    <ClCompile Include="GeneratedFiles\Release\moc_noflamedlg.cpp">
      <Filter>Generated Files\Release</Filter>
    </ClCompile>
    <ClCompile Include="GeneratedFiles\Ukey Release\moc_dialog.cpp">
      <Filter>Generated Files\Ukey Release</Filter>
    </ClCompile>
    <ClCompile Include="GeneratedFiles\DiskSN Release\moc_dialog.cpp">
      <Filter>Generated Files\DiskSN Release</Filter>
    </ClCompile>
    <ClCompile Include="GeneratedFiles\Debug\moc_dialog.cpp">
      <Filter>Generated Files\Debug</Filter>
    </ClCompile>
    <ClCompile Include="GeneratedFiles\Release\moc_dialog.cpp">
      <Filter>Generated Files\Release</Filter>
    </ClCompile>
    <ClCompile Include="GeneratedFiles\Ukey Release\moc_cwidgetplaywnd.cpp">
      <Filter>Generated Files\Ukey Release</Filter>
    </ClCompile>
    <ClCompile Include="GeneratedFiles\DiskSN Release\moc_cwidgetplaywnd.cpp">
      <Filter>Generated Files\DiskSN Release</Filter>
    </ClCompile>
    <ClCompile Include="GeneratedFiles\Debug\moc_cwidgetplaywnd.cpp">
      <Filter>Generated Files\Debug</Filter>
    </ClCompile>
    <ClCompile Include="GeneratedFiles\Release\moc_cwidgetplaywnd.cpp">
      <Filter>Generated Files\Release</Filter>
    </ClCompile>
    <ClCompile Include="GeneratedFiles\Ukey Release\moc_cupdatedlg.cpp">
      <Filter>Generated Files\Ukey Release</Filter>
    </ClCompile>
    <ClCompile Include="GeneratedFiles\DiskSN Release\moc_cupdatedlg.cpp">
      <Filter>Generated Files\DiskSN Release</Filter>
    </ClCompile>
    <ClCompile Include="GeneratedFiles\Debug\moc_cupdatedlg.cpp">
      <Filter>Generated Files\Debug</Filter>
    </ClCompile>
    <ClCompile Include="GeneratedFiles\Release\moc_cupdatedlg.cpp">
      <Filter>Generated Files\Release</Filter>
    </ClCompile>
    <ClCompile Include="GeneratedFiles\Ukey Release\moc_cmyslider.cpp">
      <Filter>Generated Files\Ukey Release</Filter>
    </ClCompile>
    <ClCompile Include="GeneratedFiles\DiskSN Release\moc_cmyslider.cpp">
      <Filter>Generated Files\DiskSN Release</Filter>
    </ClCompile>
    <ClCompile Include="GeneratedFiles\Debug\moc_cmyslider.cpp">
      <Filter>Generated Files\Debug</Filter>
    </ClCompile>
    <ClCompile Include="GeneratedFiles\Release\moc_cmyslider.cpp">
      <Filter>Generated Files\Release</Filter>
    </ClCompile>
    <ClCompile Include="GeneratedFiles\Ukey Release\moc_cformplayctrl.cpp">
      <Filter>Generated Files\Ukey Release</Filter>
    </ClCompile>
    <ClCompile Include="GeneratedFiles\DiskSN Release\moc_cformplayctrl.cpp">
      <Filter>Generated Files\DiskSN Release</Filter>
    </ClCompile>
    <ClCompile Include="GeneratedFiles\Debug\moc_cformplayctrl.cpp">
      <Filter>Generated Files\Debug</Filter>
    </ClCompile>
    <ClCompile Include="GeneratedFiles\Release\moc_cformplayctrl.cpp">
      <Filter>Generated Files\Release</Filter>
    </ClCompile>
    <ClCompile Include="GeneratedFiles\Ukey Release\moc_cdialogmessagebox.cpp">
      <Filter>Generated Files\Ukey Release</Filter>
    </ClCompile>
    <ClCompile Include="GeneratedFiles\DiskSN Release\moc_cdialogmessagebox.cpp">
      <Filter>Generated Files\DiskSN Release</Filter>
    </ClCompile>
    <ClCompile Include="GeneratedFiles\Debug\moc_cdialogmessagebox.cpp">
      <Filter>Generated Files\Debug</Filter>
    </ClCompile>
    <ClCompile Include="GeneratedFiles\Release\moc_cdialogmessagebox.cpp">
      <Filter>Generated Files\Release</Filter>
    </ClCompile>
    <ClCompile Include="GeneratedFiles\Ukey Release\moc_cdialogmain.cpp">
      <Filter>Generated Files\Ukey Release</Filter>
    </ClCompile>
    <ClCompile Include="GeneratedFiles\DiskSN Release\moc_cdialogmain.cpp">
      <Filter>Generated Files\DiskSN Release</Filter>
    </ClCompile>
    <ClCompile Include="GeneratedFiles\Debug\moc_cdialogmain.cpp">
      <Filter>Generated Files\Debug</Filter>
    </ClCompile>
    <ClCompile Include="GeneratedFiles\Release\moc_cdialogmain.cpp">
      <Filter>Generated Files\Release</Filter>
    </ClCompile>
    <ClCompile Include="GeneratedFiles\Ukey Release\moc_cdialoghelp.cpp">
      <Filter>Generated Files\Ukey Release</Filter>
    </ClCompile>
    <ClCompile Include="GeneratedFiles\DiskSN Release\moc_cdialoghelp.cpp">
      <Filter>Generated Files\DiskSN Release</Filter>
    </ClCompile>
    <ClCompile Include="GeneratedFiles\Debug\moc_cdialoghelp.cpp">
      <Filter>Generated Files\Debug</Filter>
    </ClCompile>
    <ClCompile Include="GeneratedFiles\Release\moc_cdialoghelp.cpp">
      <Filter>Generated Files\Release</Filter>
    </ClCompile>
    <ClCompile Include="GeneratedFiles\Ukey Release\moc_cdialogdubbing.cpp">
      <Filter>Generated Files\Ukey Release</Filter>
    </ClCompile>
    <ClCompile Include="GeneratedFiles\DiskSN Release\moc_cdialogdubbing.cpp">
      <Filter>Generated Files\DiskSN Release</Filter>
    </ClCompile>
    <ClCompile Include="GeneratedFiles\Debug\moc_cdialogdubbing.cpp">
      <Filter>Generated Files\Debug</Filter>
    </ClCompile>
    <ClCompile Include="GeneratedFiles\Release\moc_cdialogdubbing.cpp">
      <Filter>Generated Files\Release</Filter>
    </ClCompile>
    <ClCompile Include="GeneratedFiles\Ukey Release\moc_cdialogconfig.cpp">
      <Filter>Generated Files\Ukey Release</Filter>
    </ClCompile>
    <ClCompile Include="GeneratedFiles\DiskSN Release\moc_cdialogconfig.cpp">
      <Filter>Generated Files\DiskSN Release</Filter>
    </ClCompile>
    <ClCompile Include="GeneratedFiles\Debug\moc_cdialogconfig.cpp">
      <Filter>Generated Files\Debug</Filter>
    </ClCompile>
    <ClCompile Include="GeneratedFiles\Release\moc_cdialogconfig.cpp">
      <Filter>Generated Files\Release</Filter>
    </ClCompile>
    <ClCompile Include="cdialogclock.cpp">
      <Filter>Source Files</Filter>
    </ClCompile>
    <ClCompile Include="GeneratedFiles\Ukey Release\moc_cdialogclock.cpp">
      <Filter>Generated Files\Ukey Release</Filter>
    </ClCompile>
    <ClCompile Include="GeneratedFiles\LocalMacRelease\moc_cdialogclock.cpp">
      <Filter>Generated Files\LocalMacRelease</Filter>
    </ClCompile>
    <ClCompile Include="GeneratedFiles\DiskSN Release\moc_cdialogclock.cpp">
      <Filter>Generated Files\DiskSN Release</Filter>
    </ClCompile>
    <ClCompile Include="GeneratedFiles\Debug\moc_cdialogclock.cpp">
      <Filter>Generated Files\Debug</Filter>
    </ClCompile>
    <ClCompile Include="GeneratedFiles\Release\moc_cdialogclock.cpp">
      <Filter>Generated Files\Release</Filter>
    </ClCompile>
    <ClCompile Include="cdialogcolorset.cpp">
      <Filter>Source Files</Filter>
    </ClCompile>
    <ClCompile Include="GeneratedFiles\Ukey Release\moc_cdialogcolorset.cpp">
      <Filter>Generated Files\Ukey Release</Filter>
    </ClCompile>
    <ClCompile Include="GeneratedFiles\LocalMacRelease\moc_cdialogcolorset.cpp">
      <Filter>Generated Files\LocalMacRelease</Filter>
    </ClCompile>
    <ClCompile Include="GeneratedFiles\DiskSN Release\moc_cdialogcolorset.cpp">
      <Filter>Generated Files\DiskSN Release</Filter>
    </ClCompile>
    <ClCompile Include="GeneratedFiles\Debug\moc_cdialogcolorset.cpp">
      <Filter>Generated Files\Debug</Filter>
    </ClCompile>
    <ClCompile Include="GeneratedFiles\Release\moc_cdialogcolorset.cpp">
      <Filter>Generated Files\Release</Filter>
    </ClCompile>
    <ClCompile Include="VCA\ixml\src\attr.c">
      <Filter>VCA\VCAMeta\ixml</Filter>
    </ClCompile>
    <ClCompile Include="VCA\ixml\src\document.c">
      <Filter>VCA\VCAMeta\ixml</Filter>
    </ClCompile>
    <ClCompile Include="VCA\ixml\src\element.c">
      <Filter>VCA\VCAMeta\ixml</Filter>
    </ClCompile>
    <ClCompile Include="VCA\ixml\src\ixml.c">
      <Filter>VCA\VCAMeta\ixml</Filter>
    </ClCompile>
    <ClCompile Include="VCA\ixml\src\ixmlmembuf.c">
      <Filter>VCA\VCAMeta\ixml</Filter>
    </ClCompile>
    <ClCompile Include="VCA\ixml\src\ixmlparser.c">
      <Filter>VCA\VCAMeta\ixml</Filter>
    </ClCompile>
    <ClCompile Include="VCA\ixml\src\namedNodeMap.c">
      <Filter>VCA\VCAMeta\ixml</Filter>
    </ClCompile>
    <ClCompile Include="VCA\ixml\src\node.c">
      <Filter>VCA\VCAMeta\ixml</Filter>
    </ClCompile>
    <ClCompile Include="VCA\ixml\src\nodeList.c">
      <Filter>VCA\VCAMeta\ixml</Filter>
    </ClCompile>
    <ClCompile Include="VCA\VCAMetaLib.cpp">
      <Filter>VCA\VCAMeta</Filter>
    </ClCompile>
    <ClCompile Include="VCA\VCAMetaParserIXML.cpp">
      <Filter>VCA\VCAMeta</Filter>
    </ClCompile>
    <ClCompile Include="VCA\VCAMetaParserMSXML.cpp">
      <Filter>VCA\VCAMeta</Filter>
    </ClCompile>
    <ClCompile Include="VCA\SimpleVCA.cpp">
      <Filter>VCA</Filter>
    </ClCompile>
    <ClCompile Include="VCA\GDIViewer.cpp">
      <Filter>VCA</Filter>
    </ClCompile>
    <ClCompile Include="VCA\Render\CD3d.cpp">
      <Filter>VCA\Render</Filter>
    </ClCompile>
    <ClCompile Include="VCA\Render\D3DAdapterInfo.cpp">
      <Filter>VCA\Render</Filter>
    </ClCompile>
    <ClCompile Include="VCA\Render\D3DCalibrationRender.cpp">
      <Filter>VCA\Render</Filter>
    </ClCompile>
    <ClCompile Include="VCA\Render\D3DMisc.cpp">
      <Filter>VCA\Render</Filter>
    </ClCompile>
    <ClCompile Include="VCA\Render\D3DVCARender.cpp">
      <Filter>VCA\Render</Filter>
    </ClCompile>
    <ClCompile Include="VCA\Render\EasyArrowD3D.cpp">
      <Filter>VCA\Render</Filter>
    </ClCompile>
    <ClCompile Include="VCA\Render\Triangulation.cpp">
      <Filter>VCA\Render</Filter>
    </ClCompile>
    <ClCompile Include="VCA\Render\EasyArrow.cpp">
      <Filter>VCA\Render</Filter>
    </ClCompile>
    <ClCompile Include="VCA\Render\ZoneSettingCtl.cpp">
      <Filter>VCA\Render</Filter>
    </ClCompile>
    <ClCompile Include="cdialogvca.cpp">
      <Filter>Source Files</Filter>
    </ClCompile>
    <ClCompile Include="GeneratedFiles\Ukey Release\moc_cdialogvca.cpp">
      <Filter>Generated Files\Ukey Release</Filter>
    </ClCompile>
    <ClCompile Include="GeneratedFiles\LocalMacRelease\moc_cdialogvca.cpp">
      <Filter>Generated Files\LocalMacRelease</Filter>
    </ClCompile>
    <ClCompile Include="GeneratedFiles\DiskSN Release\moc_cdialogvca.cpp">
      <Filter>Generated Files\DiskSN Release</Filter>
    </ClCompile>
    <ClCompile Include="GeneratedFiles\Debug\moc_cdialogvca.cpp">
      <Filter>Generated Files\Debug</Filter>
    </ClCompile>
    <ClCompile Include="GeneratedFiles\Release\moc_cdialogvca.cpp">
      <Filter>Generated Files\Release</Filter>
    </ClCompile>
    <ClCompile Include="VCA\Render\VCADataMgr.cpp">
      <Filter>VCA\Render</Filter>
    </ClCompile>
    <ClCompile Include="VCA\VCAConfigure.cpp">
      <Filter>VCA</Filter>
    </ClCompile>
    <ClCompile Include="VCA\stdafx.cpp">
      <Filter>VCA</Filter>
    </ClCompile>
    <ClCompile Include="cdialogvcamain.cpp">
      <Filter>Source Files</Filter>
    </ClCompile>
    <ClCompile Include="GeneratedFiles\Ukey Release\moc_cdialogvcamain.cpp">
      <Filter>Generated Files\Ukey Release</Filter>
    </ClCompile>
    <ClCompile Include="GeneratedFiles\LocalMacRelease\moc_cdialogvcamain.cpp">
      <Filter>Generated Files\LocalMacRelease</Filter>
    </ClCompile>
    <ClCompile Include="GeneratedFiles\DiskSN Release\moc_cdialogvcamain.cpp">
      <Filter>Generated Files\DiskSN Release</Filter>
    </ClCompile>
    <ClCompile Include="GeneratedFiles\Debug\moc_cdialogvcamain.cpp">
      <Filter>Generated Files\Debug</Filter>
    </ClCompile>
    <ClCompile Include="GeneratedFiles\Release\moc_cdialogvcamain.cpp">
      <Filter>Generated Files\Release</Filter>
    </ClCompile>
    <ClCompile Include="cwidgetvcaresult.cpp">
      <Filter>Source Files</Filter>
    </ClCompile>
    <ClCompile Include="GeneratedFiles\Ukey Release\moc_cwidgetvcaresult.cpp">
      <Filter>Generated Files\Ukey Release</Filter>
    </ClCompile>
    <ClCompile Include="GeneratedFiles\LocalMacRelease\moc_cwidgetvcaresult.cpp">
      <Filter>Generated Files\LocalMacRelease</Filter>
    </ClCompile>
    <ClCompile Include="GeneratedFiles\DiskSN Release\moc_cwidgetvcaresult.cpp">
      <Filter>Generated Files\DiskSN Release</Filter>
    </ClCompile>
    <ClCompile Include="GeneratedFiles\Debug\moc_cwidgetvcaresult.cpp">
      <Filter>Generated Files\Debug</Filter>
    </ClCompile>
    <ClCompile Include="GeneratedFiles\Release\moc_cwidgetvcaresult.cpp">
      <Filter>Generated Files\Release</Filter>
    </ClCompile>
    <ClCompile Include="cwidgetvcaprogress.cpp">
      <Filter>Source Files</Filter>
    </ClCompile>
    <ClCompile Include="GeneratedFiles\Ukey Release\moc_cwidgetvcaprogress.cpp">
      <Filter>Generated Files\Ukey Release</Filter>
    </ClCompile>
    <ClCompile Include="GeneratedFiles\LocalMacRelease\moc_cwidgetvcaprogress.cpp">
      <Filter>Generated Files\LocalMacRelease</Filter>
    </ClCompile>
    <ClCompile Include="GeneratedFiles\DiskSN Release\moc_cwidgetvcaprogress.cpp">
      <Filter>Generated Files\DiskSN Release</Filter>
    </ClCompile>
    <ClCompile Include="GeneratedFiles\Debug\moc_cwidgetvcaprogress.cpp">
      <Filter>Generated Files\Debug</Filter>
    </ClCompile>
    <ClCompile Include="GeneratedFiles\Release\moc_cwidgetvcaprogress.cpp">
      <Filter>Generated Files\Release</Filter>
    </ClCompile>
    <ClCompile Include="cdialogcaseadd.cpp">
      <Filter>Source Files</Filter>
    </ClCompile>
    <ClCompile Include="GeneratedFiles\Ukey Release\moc_cdialogcaseadd.cpp">
      <Filter>Generated Files\Ukey Release</Filter>
    </ClCompile>
    <ClCompile Include="GeneratedFiles\LocalMacRelease\moc_cdialogcaseadd.cpp">
      <Filter>Generated Files\LocalMacRelease</Filter>
    </ClCompile>
    <ClCompile Include="GeneratedFiles\DiskSN Release\moc_cdialogcaseadd.cpp">
      <Filter>Generated Files\DiskSN Release</Filter>
    </ClCompile>
    <ClCompile Include="GeneratedFiles\Debug\moc_cdialogcaseadd.cpp">
      <Filter>Generated Files\Debug</Filter>
    </ClCompile>
    <ClCompile Include="GeneratedFiles\Release\moc_cdialogcaseadd.cpp">
      <Filter>Generated Files\Release</Filter>
    </ClCompile>
    <ClCompile Include="VCA\JpegCodec.cpp">
      <Filter>VCA</Filter>
    </ClCompile>
    <ClCompile Include="colorlisteditor.cpp">
      <Filter>Source Files</Filter>
    </ClCompile>
    <ClCompile Include="GeneratedFiles\Ukey Release\moc_colorlisteditor.cpp">
      <Filter>Generated Files\Ukey Release</Filter>
    </ClCompile>
    <ClCompile Include="GeneratedFiles\LocalMacRelease\moc_colorlisteditor.cpp">
      <Filter>Generated Files\LocalMacRelease</Filter>
    </ClCompile>
    <ClCompile Include="GeneratedFiles\DiskSN Release\moc_colorlisteditor.cpp">
      <Filter>Generated Files\DiskSN Release</Filter>
    </ClCompile>
    <ClCompile Include="GeneratedFiles\Debug\moc_colorlisteditor.cpp">
      <Filter>Generated Files\Debug</Filter>
    </ClCompile>
    <ClCompile Include="GeneratedFiles\Release\moc_colorlisteditor.cpp">
      <Filter>Generated Files\Release</Filter>
    </ClCompile>
    <ClCompile Include="cwidgetimageview.cpp">
      <Filter>Source Files</Filter>
    </ClCompile>
    <ClCompile Include="GeneratedFiles\Ukey Release\moc_cwidgetimageview.cpp">
      <Filter>Generated Files\Ukey Release</Filter>
    </ClCompile>
    <ClCompile Include="GeneratedFiles\LocalMacRelease\moc_cwidgetimageview.cpp">
      <Filter>Generated Files\LocalMacRelease</Filter>
    </ClCompile>
    <ClCompile Include="GeneratedFiles\DiskSN Release\moc_cwidgetimageview.cpp">
      <Filter>Generated Files\DiskSN Release</Filter>
    </ClCompile>
    <ClCompile Include="GeneratedFiles\Debug\moc_cwidgetimageview.cpp">
      <Filter>Generated Files\Debug</Filter>
    </ClCompile>
    <ClCompile Include="GeneratedFiles\Release\moc_cwidgetimageview.cpp">
      <Filter>Generated Files\Release</Filter>
    </ClCompile>
  </ItemGroup>
  <ItemGroup>
    <CustomBuild Include="sisecplayer.h">
      <Filter>Header Files</Filter>
    </CustomBuild>
    <CustomBuild Include="sisecplayer.ui">
      <Filter>Form Files</Filter>
    </CustomBuild>
    <CustomBuild Include="sisecplayer.qrc">
      <Filter>Resource Files</Filter>
    </CustomBuild>
    <CustomBuild Include="noflamedlg.h">
      <Filter>Header Files</Filter>
    </CustomBuild>
    <CustomBuild Include="cdialogmain.h">
      <Filter>Header Files</Filter>
    </CustomBuild>
    <CustomBuild Include="cdialogmain.ui">
      <Filter>Form Files</Filter>
    </CustomBuild>
    <CustomBuild Include="cformplayctrl.h">
      <Filter>Header Files</Filter>
    </CustomBuild>
    <CustomBuild Include="cformplayctrl.ui">
      <Filter>Form Files</Filter>
    </CustomBuild>
    <CustomBuild Include="cwidgetplaywnd.h">
      <Filter>Header Files</Filter>
    </CustomBuild>
    <CustomBuild Include="cwidgetplaywnd.ui">
      <Filter>Form Files</Filter>
    </CustomBuild>
    <CustomBuild Include="cmyslider.h">
      <Filter>Header Files</Filter>
    </CustomBuild>
    <CustomBuild Include="singleapllication.h">
      <Filter>Header Files</Filter>
    </CustomBuild>
    <CustomBuild Include="dialog.h">
      <Filter>Header Files</Filter>
    </CustomBuild>
    <CustomBuild Include="dialog.ui">
      <Filter>Form Files</Filter>
    </CustomBuild>
    <CustomBuild Include="cdialogdubbing.h">
      <Filter>Header Files</Filter>
    </CustomBuild>
    <CustomBuild Include="cdialogdubbing.ui">
      <Filter>Form Files</Filter>
    </CustomBuild>
    <CustomBuild Include="cdialoghelp.h">
      <Filter>Header Files</Filter>
    </CustomBuild>
    <CustomBuild Include="cdialoghelp.ui">
      <Filter>Form Files</Filter>
    </CustomBuild>
    <CustomBuild Include="cdialogconfig.h">
      <Filter>Header Files</Filter>
    </CustomBuild>
    <CustomBuild Include="cdialogconfig.ui">
      <Filter>Form Files</Filter>
    </CustomBuild>
    <CustomBuild Include="cdialogmessagebox.h">
      <Filter>Header Files</Filter>
    </CustomBuild>
    <CustomBuild Include="cdialogmessagebox.ui">
      <Filter>Form Files</Filter>
    </CustomBuild>
    <CustomBuild Include="cupdatedlg.h">
      <Filter>Header Files</Filter>
    </CustomBuild>
    <CustomBuild Include="cupdatedlg.ui">
      <Filter>Form Files</Filter>
    </CustomBuild>
    <CustomBuild Include="cdialogconverter.h">
      <Filter>Header Files</Filter>
    </CustomBuild>
    <CustomBuild Include="cdialogconverter.ui">
      <Filter>Form Files</Filter>
    </CustomBuild>
    <CustomBuild Include="cdialogconverterpreview.h">
      <Filter>Header Files</Filter>
    </CustomBuild>
    <CustomBuild Include="cdialogconverterpreview.ui">
      <Filter>Form Files</Filter>
    </CustomBuild>
    <CustomBuild Include="cdialogcut.h">
      <Filter>Header Files</Filter>
    </CustomBuild>
    <CustomBuild Include="cdialogcut.ui">
      <Filter>Form Files</Filter>
    </CustomBuild>
    <CustomBuild Include="GeneratedFiles\Ukey Release\cdialogconverter.moc">
      <Filter>Generated Files\Ukey Release</Filter>
    </CustomBuild>
    <CustomBuild Include="GeneratedFiles\DiskSN Release\cdialogconverter.moc">
      <Filter>Generated Files\DiskSN Release</Filter>
    </CustomBuild>
    <CustomBuild Include="cdialogclock.h">
      <Filter>Header Files</Filter>
    </CustomBuild>
    <CustomBuild Include="cdialogclock.ui">
      <Filter>Form Files</Filter>
    </CustomBuild>
    <CustomBuild Include="cdialogcolorset.h">
      <Filter>Header Files</Filter>
    </CustomBuild>
    <CustomBuild Include="cdialogcolorset.ui">
      <Filter>Form Files</Filter>
    </CustomBuild>
    <CustomBuild Include="cdialogvca.h">
      <Filter>Header Files</Filter>
    </CustomBuild>
    <CustomBuild Include="cdialogvca.ui">
      <Filter>Form Files</Filter>
    </CustomBuild>
    <CustomBuild Include="cdialogvcamain.h">
      <Filter>Header Files</Filter>
    </CustomBuild>
    <CustomBuild Include="cdialogvcamain.ui">
      <Filter>Form Files</Filter>
    </CustomBuild>
    <CustomBuild Include="cwidgetvcaresult.h">
      <Filter>Header Files</Filter>
    </CustomBuild>
    <CustomBuild Include="cwidgetvcaresult.ui">
      <Filter>Form Files</Filter>
    </CustomBuild>
    <CustomBuild Include="cwidgetvcaprogress.h">
      <Filter>Header Files</Filter>
    </CustomBuild>
    <CustomBuild Include="cwidgetvcaprogress.ui">
      <Filter>Form Files</Filter>
    </CustomBuild>
    <CustomBuild Include="cdialogcaseadd.h">
      <Filter>Header Files</Filter>
    </CustomBuild>
    <CustomBuild Include="cdialogcaseadd.ui">
      <Filter>Form Files</Filter>
    </CustomBuild>
    <CustomBuild Include="colorlisteditor.h">
      <Filter>Header Files</Filter>
    </CustomBuild>
    <CustomBuild Include="cwidgetimageview.h">
      <Filter>Header Files</Filter>
    </CustomBuild>
    <CustomBuild Include="cwidgetimageview.ui">
      <Filter>Form Files</Filter>
    </CustomBuild>
  </ItemGroup>
  <ItemGroup>
    <ClInclude Include="GeneratedFiles\ui_sisecplayer.h">
      <Filter>Generated Files</Filter>
    </ClInclude>
    <ClInclude Include="GeneratedFiles\ui_cdialogmain.h">
      <Filter>Generated Files</Filter>
    </ClInclude>
    <ClInclude Include="GeneratedFiles\ui_cformplayctrl.h">
      <Filter>Generated Files</Filter>
    </ClInclude>
    <ClInclude Include="GeneratedFiles\ui_cwidgetplaywnd.h">
      <Filter>Generated Files</Filter>
    </ClInclude>
    <ClInclude Include="CommonFunc.h">
      <Filter>Header Files</Filter>
    </ClInclude>
    <ClInclude Include="GetMac.h">
      <Filter>Header Files</Filter>
    </ClInclude>
    <ClInclude Include="md5.h">
      <Filter>Header Files</Filter>
    </ClInclude>
    <ClInclude Include="GeneratedFiles\ui_dialog.h">
      <Filter>Generated Files</Filter>
    </ClInclude>
    <ClInclude Include="settings.h">
      <Filter>Header Files</Filter>
    </ClInclude>
    <ClInclude Include="GeneratedFiles\ui_cdialogdubbing.h">
      <Filter>Generated Files</Filter>
    </ClInclude>
    <ClInclude Include="GeneratedFiles\ui_cdialoghelp.h">
      <Filter>Generated Files</Filter>
    </ClInclude>
    <ClInclude Include="GeneratedFiles\ui_cdialogconfig.h">
      <Filter>Generated Files</Filter>
    </ClInclude>
    <ClInclude Include="GeneratedFiles\ui_cdialogmessagebox.h">
      <Filter>Generated Files</Filter>
    </ClInclude>
    <ClInclude Include="GeneratedFiles\ui_cupdatedlg.h">
      <Filter>Generated Files</Filter>
    </ClInclude>
    <ClInclude Include="GetdiskSN.h">
      <Filter>Header Files</Filter>
    </ClInclude>
    <ClInclude Include="GeneratedFiles\ui_cdialogconverter.h">
      <Filter>Generated Files</Filter>
    </ClInclude>
    <ClInclude Include="GeneratedFiles\ui_cdialogconverterpreview.h">
      <Filter>Generated Files</Filter>
    </ClInclude>
    <ClInclude Include="public_def.h">
      <Filter>Header Files</Filter>
    </ClInclude>
    <ClInclude Include="GeneratedFiles\ui_cdialogcut.h">
      <Filter>Generated Files</Filter>
    </ClInclude>
    <ClInclude Include="GeneratedFiles\ui_cdialogclock.h">
      <Filter>Generated Files</Filter>
    </ClInclude>
    <ClInclude Include="GeneratedFiles\ui_cdialogcolorset.h">
      <Filter>Generated Files</Filter>
    </ClInclude>
    <ClInclude Include="VCA\VCAMetaLib.h">
      <Filter>VCA\VCAMeta</Filter>
    </ClInclude>
    <ClInclude Include="VCA\VCAMetaParserIXML.h">
      <Filter>VCA\VCAMeta</Filter>
    </ClInclude>
    <ClInclude Include="VCA\VCAMetaParserMSXML.h">
      <Filter>VCA\VCAMeta</Filter>
    </ClInclude>
    <ClInclude Include="VCA\XMLUtils.h">
      <Filter>VCA\VCAConfigure</Filter>
    </ClInclude>
    <ClInclude Include="VCA\SimpleVCA.h">
      <Filter>VCA</Filter>
    </ClInclude>
    <ClInclude Include="VCA\GDIViewer.h">
      <Filter>VCA</Filter>
    </ClInclude>
    <ClInclude Include="VCA\Render\CD3d.h">
      <Filter>VCA\Render</Filter>
    </ClInclude>
    <ClInclude Include="VCA\Render\D3DAdapterInfo.h">
      <Filter>VCA\Render</Filter>
    </ClInclude>
    <ClInclude Include="VCA\Render\D3DCalibrationRender.h">
      <Filter>VCA\Render</Filter>
    </ClInclude>
    <ClInclude Include="VCA\Render\D3DMisc.h">
      <Filter>VCA\Render</Filter>
    </ClInclude>
    <ClInclude Include="VCA\Render\D3DVCARender.h">
      <Filter>VCA\Render</Filter>
    </ClInclude>
    <ClInclude Include="VCA\Render\EasyArrowD3D.h">
      <Filter>VCA\Render</Filter>
    </ClInclude>
    <ClInclude Include="VCA\Render\Triangulation.h">
      <Filter>VCA\Render</Filter>
    </ClInclude>
    <ClInclude Include="VCA\Render\VCAMetaRenderAPI.h">
      <Filter>VCA\Render</Filter>
    </ClInclude>
    <ClInclude Include="VCA\Render\VCARender.h">
      <Filter>VCA\Render</Filter>
    </ClInclude>
    <ClInclude Include="VCA\Render\EasyArrow.h">
      <Filter>VCA\Render</Filter>
    </ClInclude>
    <ClInclude Include="VCA\Render\ObjectModel.h">
      <Filter>VCA\Render</Filter>
    </ClInclude>
    <ClInclude Include="VCA\Render\colorconversion.h">
      <Filter>VCA\Render</Filter>
    </ClInclude>
    <ClInclude Include="VCA\Render\ZoneSettingCtl.h">
      <Filter>VCA\Render</Filter>
    </ClInclude>
    <ClInclude Include="GeneratedFiles\ui_cdialogvca.h">
      <Filter>Generated Files</Filter>
    </ClInclude>
    <ClInclude Include="IVCAObject.h">
      <Filter>VCA</Filter>
    </ClInclude>
    <ClInclude Include="VCA\Render\VCADataMgr.h">
      <Filter>VCA\Render</Filter>
    </ClInclude>
    <ClInclude Include="VCA\VCAConfigure.h">
      <Filter>VCA</Filter>
    </ClInclude>
    <ClInclude Include="VCA\stdafx.h">
      <Filter>VCA</Filter>
    </ClInclude>
    <ClInclude Include="GeneratedFiles\ui_cdialogvcamain.h">
      <Filter>Generated Files</Filter>
    </ClInclude>
    <ClInclude Include="GeneratedFiles\ui_cwidgetvcaresult.h">
      <Filter>Generated Files</Filter>
    </ClInclude>
    <ClInclude Include="GeneratedFiles\ui_cwidgetvcaprogress.h">
      <Filter>Generated Files</Filter>
    </ClInclude>
    <ClInclude Include="GeneratedFiles\ui_cdialogcaseadd.h">
      <Filter>Generated Files</Filter>
    </ClInclude>
    <ClInclude Include="VCA\JpegCodec.h">
      <Filter>VCA</Filter>
    </ClInclude>
    <ClInclude Include="VCA\ijl.h">
      <Filter>VCA</Filter>
    </ClInclude>
    <ClInclude Include="GeneratedFiles\ui_cwidgetimageview.h">
      <Filter>Generated Files</Filter>
    </ClInclude>
  </ItemGroup>
  <ItemGroup>
    <ResourceCompile Include="sisecplayer.rc" />
  </ItemGroup>
  <ItemGroup>
    <Library Include="VCA\Render\VCAMetaRender.lib">
      <Filter>VCA\Render</Filter>
    </Library>
    <Library Include="VCA\Render\colorconversion.lib">
      <Filter>VCA\Render</Filter>
    </Library>
  </ItemGroup>
</Project>