<?xml version="1.0" encoding="utf-8"?>
<Project ToolsVersion="4.0" xmlns="http://schemas.microsoft.com/developer/msbuild/2003">
  <ItemGroup>
    <Filter Include="Source Files">
      <UniqueIdentifier>{4FC737F1-C7A5-4376-A066-2A32D752A2FF}</UniqueIdentifier>
      <Extensions>cpp;cxx;c;def</Extensions>
    </Filter>
    <Filter Include="Header Files">
      <UniqueIdentifier>{93995380-89BD-4b04-88EB-625FBE52EBFB}</UniqueIdentifier>
      <Extensions>h</Extensions>
    </Filter>
    <Filter Include="Form Files">
      <UniqueIdentifier>{99349809-55BA-4b9d-BF79-8FDBB0286EB3}</UniqueIdentifier>
      <Extensions>ui</Extensions>
    </Filter>
    <Filter Include="Resource Files">
      <UniqueIdentifier>{D9D6E242-F8AF-46E4-B9FD-80ECBC20BA3E}</UniqueIdentifier>
      <Extensions>qrc;*</Extensions>
      <ParseFiles>false</ParseFiles>
    </Filter>
    <Filter Include="Generated Files">
      <UniqueIdentifier>{71ED8ED8-ACB9-4CE9-BBE1-E00B30144E11}</UniqueIdentifier>
      <Extensions>moc;h;cpp</Extensions>
      <SourceControlFiles>False</SourceControlFiles>
    </Filter>
    <Filter Include="Generated Files\Debug">
      <UniqueIdentifier>{0eff8dde-6362-4a51-bf13-7c9b9674b7bb}</UniqueIdentifier>
      <Extensions>cpp;moc</Extensions>
      <SourceControlFiles>False</SourceControlFiles>
    </Filter>
    <Filter Include="Generated Files\Release">
      <UniqueIdentifier>{ac01efd5-7114-4a81-ab6c-8c73e2f6caa0}</UniqueIdentifier>
      <Extensions>cpp;moc</Extensions>
      <SourceControlFiles>False</SourceControlFiles>
    </Filter>
    <Filter Include="Generated Files\DiskSN Release">
      <UniqueIdentifier>{a492d8bf-23be-4794-a217-b3e956db6e44}</UniqueIdentifier>
      <Extensions>cpp;moc</Extensions>
      <SourceControlFiles>False</SourceControlFiles>
    </Filter>
    <Filter Include="Generated Files\Ukey Release">
      <UniqueIdentifier>{9ca1dfdb-1611-45ce-8563-77d46f73fb98}</UniqueIdentifier>
      <Extensions>cpp;moc</Extensions>
      <SourceControlFiles>False</SourceControlFiles>
    </Filter>
    <Filter Include="Generated Files\LocalMacRelease">
      <UniqueIdentifier>{2d59df2d-8100-4c67-a36a-6cc91f1f9213}</UniqueIdentifier>
      <Extensions>cpp;moc</Extensions>
      <SourceControlFiles>False</SourceControlFiles>
    </Filter>
  </ItemGroup>
  <ItemGroup>
    <ClCompile Include="main.cpp">
      <Filter>Source Files</Filter>
    </ClCompile>
    <ClCompile Include="sisecplayer.cpp">
      <Filter>Source Files</Filter>
    </ClCompile>
    <ClCompile Include="GeneratedFiles\qrc_sisecplayer.cpp">
      <Filter>Generated Files</Filter>
    </ClCompile>
    <ClCompile Include="noflamedlg.cpp">
      <Filter>Source Files</Filter>
    </ClCompile>
    <ClCompile Include="cdialogmain.cpp">
      <Filter>Source Files</Filter>
    </ClCompile>
    <ClCompile Include="cformplayctrl.cpp">
      <Filter>Source Files</Filter>
    </ClCompile>
    <ClCompile Include="cwidgetplaywnd.cpp">
      <Filter>Source Files</Filter>
    </ClCompile>
    <ClCompile Include="cmyslider.cpp">
      <Filter>Source Files</Filter>
    </ClCompile>
    <ClCompile Include="singleapllication.cpp">
      <Filter>Source Files</Filter>
    </ClCompile>
    <ClCompile Include="GetMac.cpp">
      <Filter>Source Files</Filter>
    </ClCompile>
    <ClCompile Include="md5.cpp">
      <Filter>Source Files</Filter>
    </ClCompile>
    <ClCompile Include="dialog.cpp">
      <Filter>Source Files</Filter>
    </ClCompile>
    <ClCompile Include="settings.cpp">
      <Filter>Source Files</Filter>
    </ClCompile>
    <ClCompile Include="cdialogdubbing.cpp">
      <Filter>Source Files</Filter>
    </ClCompile>
    <ClCompile Include="cdialoghelp.cpp">
      <Filter>Source Files</Filter>
    </ClCompile>
    <ClCompile Include="cdialogconfig.cpp">
      <Filter>Source Files</Filter>
    </ClCompile>
    <ClCompile Include="cdialogmessagebox.cpp">
      <Filter>Source Files</Filter>
    </ClCompile>
    <ClCompile Include="cupdatedlg.cpp">
      <Filter>Source Files</Filter>
    </ClCompile>
    <ClCompile Include="GetdiskSN.cpp">
      <Filter>Source Files</Filter>
    </ClCompile>
    <ClCompile Include="cdialogconverter.cpp">
      <Filter>Source Files</Filter>
    </ClCompile>
    <ClCompile Include="cdialogconverterpreview.cpp">
      <Filter>Source Files</Filter>
    </ClCompile>
    <ClCompile Include="cdialogcut.cpp">
      <Filter>Source Files</Filter>
    </ClCompile>
    <ClCompile Include="GeneratedFiles\Ukey Release\moc_cdialogcut.cpp">
      <Filter>Generated Files\Ukey Release</Filter>
    </ClCompile>
    <ClCompile Include="GeneratedFiles\DiskSN Release\moc_cdialogcut.cpp">
      <Filter>Generated Files\DiskSN Release</Filter>
    </ClCompile>
    <ClCompile Include="GeneratedFiles\Debug\moc_cdialogcut.cpp">
      <Filter>Generated Files\Debug</Filter>
    </ClCompile>
    <ClCompile Include="GeneratedFiles\Release\moc_cdialogcut.cpp">
      <Filter>Generated Files\Release</Filter>
    </ClCompile>
    <ClCompile Include="GeneratedFiles\Ukey Release\moc_cdialogconverterpreview.cpp">
      <Filter>Generated Files\Ukey Release</Filter>
    </ClCompile>
    <ClCompile Include="GeneratedFiles\DiskSN Release\moc_cdialogconverterpreview.cpp">
      <Filter>Generated Files\DiskSN Release</Filter>
    </ClCompile>
    <ClCompile Include="GeneratedFiles\Debug\moc_cdialogconverterpreview.cpp">
      <Filter>Generated Files\Debug</Filter>
    </ClCompile>
    <ClCompile Include="GeneratedFiles\Release\moc_cdialogconverterpreview.cpp">
      <Filter>Generated Files\Release</Filter>
    </ClCompile>
    <ClCompile Include="GeneratedFiles\Ukey Release\moc_cdialogconverter.cpp">
      <Filter>Generated Files\Ukey Release</Filter>
    </ClCompile>
    <ClCompile Include="GeneratedFiles\DiskSN Release\moc_cdialogconverter.cpp">
      <Filter>Generated Files\DiskSN Release</Filter>
    </ClCompile>
    <ClCompile Include="GeneratedFiles\Debug\moc_cdialogconverter.cpp">
      <Filter>Generated Files\Debug</Filter>
    </ClCompile>
    <ClCompile Include="GeneratedFiles\Release\moc_cdialogconverter.cpp">
      <Filter>Generated Files\Release</Filter>
    </ClCompile>
    <ClCompile Include="GeneratedFiles\Ukey Release\moc_sisecplayer.cpp">
      <Filter>Generated Files\Ukey Release</Filter>
    </ClCompile>
    <ClCompile Include="GeneratedFiles\DiskSN Release\moc_sisecplayer.cpp">
      <Filter>Generated Files\DiskSN Release</Filter>
    </ClCompile>
    <ClCompile Include="GeneratedFiles\Debug\moc_sisecplayer.cpp">
      <Filter>Generated Files\Debug</Filter>
    </ClCompile>
    <ClCompile Include="GeneratedFiles\Release\moc_sisecplayer.cpp">
      <Filter>Generated Files\Release</Filter>
    </ClCompile>
    <ClCompile Include="GeneratedFiles\Ukey Release\moc_singleapllication.cpp">
      <Filter>Generated Files\Ukey Release</Filter>
    </ClCompile>
    <ClCompile Include="GeneratedFiles\DiskSN Release\moc_singleapllication.cpp">
      <Filter>Generated Files\DiskSN Release</Filter>
    </ClCompile>
    <ClCompile Include="GeneratedFiles\Debug\moc_singleapllication.cpp">
      <Filter>Generated Files\Debug</Filter>
    </ClCompile>
    <ClCompile Include="GeneratedFiles\Release\moc_singleapllication.cpp">
      <Filter>Generated Files\Release</Filter>
    </ClCompile>
    <ClCompile Include="GeneratedFiles\Ukey Release\moc_noflamedlg.cpp">
      <Filter>Generated Files\Ukey Release</Filter>
    </ClCompile>
    <ClCompile Include="GeneratedFiles\DiskSN Release\moc_noflamedlg.cpp">
      <Filter>Generated Files\DiskSN Release</Filter>
    </ClCompile>
    <ClCompile Include="GeneratedFiles\Debug\moc_noflamedlg.cpp">
      <Filter>Generated Files\Debug</Filter>
    </ClCompile>
    <ClCompile Include="GeneratedFiles\Release\moc_noflamedlg.cpp">
      <Filter>Generated Files\Release</Filter>
    </ClCompile>
    <ClCompile Include="GeneratedFiles\Ukey Release\moc_dialog.cpp">
      <Filter>Generated Files\Ukey Release</Filter>
    </ClCompile>
    <ClCompile Include="GeneratedFiles\DiskSN Release\moc_dialog.cpp">
      <Filter>Generated Files\DiskSN Release</Filter>
    </ClCompile>
    <ClCompile Include="GeneratedFiles\Debug\moc_dialog.cpp">
      <Filter>Generated Files\Debug</Filter>
    </ClCompile>
    <ClCompile Include="GeneratedFiles\Release\moc_dialog.cpp">
      <Filter>Generated Files\Release</Filter>
    </ClCompile>
    <ClCompile Include="GeneratedFiles\Ukey Release\moc_cwidgetplaywnd.cpp">
      <Filter>Generated Files\Ukey Release</Filter>
    </ClCompile>
    <ClCompile Include="GeneratedFiles\DiskSN Release\moc_cwidgetplaywnd.cpp">
      <Filter>Generated Files\DiskSN Release</Filter>
    </ClCompile>
    <ClCompile Include="GeneratedFiles\Debug\moc_cwidgetplaywnd.cpp">
      <Filter>Generated Files\Debug</Filter>
    </ClCompile>
    <ClCompile Include="GeneratedFiles\Release\moc_cwidgetplaywnd.cpp">
      <Filter>Generated Files\Release</Filter>
    </ClCompile>
    <ClCompile Include="GeneratedFiles\Ukey Release\moc_cupdatedlg.cpp">
      <Filter>Generated Files\Ukey Release</Filter>
    </ClCompile>
    <ClCompile Include="GeneratedFiles\DiskSN Release\moc_cupdatedlg.cpp">
      <Filter>Generated Files\DiskSN Release</Filter>
    </ClCompile>
    <ClCompile Include="GeneratedFiles\Debug\moc_cupdatedlg.cpp">
      <Filter>Generated Files\Debug</Filter>
    </ClCompile>
    <ClCompile Include="GeneratedFiles\Release\moc_cupdatedlg.cpp">
      <Filter>Generated Files\Release</Filter>
    </ClCompile>
    <ClCompile Include="GeneratedFiles\Ukey Release\moc_cmyslider.cpp">
      <Filter>Generated Files\Ukey Release</Filter>
    </ClCompile>
    <ClCompile Include="GeneratedFiles\DiskSN Release\moc_cmyslider.cpp">
      <Filter>Generated Files\DiskSN Release</Filter>
    </ClCompile>
    <ClCompile Include="GeneratedFiles\Debug\moc_cmyslider.cpp">
      <Filter>Generated Files\Debug</Filter>
    </ClCompile>
    <ClCompile Include="GeneratedFiles\Release\moc_cmyslider.cpp">
      <Filter>Generated Files\Release</Filter>
    </ClCompile>
    <ClCompile Include="GeneratedFiles\Ukey Release\moc_cformplayctrl.cpp">
      <Filter>Generated Files\Ukey Release</Filter>
    </ClCompile>
    <ClCompile Include="GeneratedFiles\DiskSN Release\moc_cformplayctrl.cpp">
      <Filter>Generated Files\DiskSN Release</Filter>
    </ClCompile>
    <ClCompile Include="GeneratedFiles\Debug\moc_cformplayctrl.cpp">
      <Filter>Generated Files\Debug</Filter>
    </ClCompile>
    <ClCompile Include="GeneratedFiles\Release\moc_cformplayctrl.cpp">
      <Filter>Generated Files\Release</Filter>
    </ClCompile>
    <ClCompile Include="GeneratedFiles\Ukey Release\moc_cdialogmessagebox.cpp">
      <Filter>Generated Files\Ukey Release</Filter>
    </ClCompile>
    <ClCompile Include="GeneratedFiles\DiskSN Release\moc_cdialogmessagebox.cpp">
      <Filter>Generated Files\DiskSN Release</Filter>
    </ClCompile>
    <ClCompile Include="GeneratedFiles\Debug\moc_cdialogmessagebox.cpp">
      <Filter>Generated Files\Debug</Filter>
    </ClCompile>
    <ClCompile Include="GeneratedFiles\Release\moc_cdialogmessagebox.cpp">
      <Filter>Generated Files\Release</Filter>
    </ClCompile>
    <ClCompile Include="GeneratedFiles\Ukey Release\moc_cdialogmain.cpp">
      <Filter>Generated Files\Ukey Release</Filter>
    </ClCompile>
    <ClCompile Include="GeneratedFiles\DiskSN Release\moc_cdialogmain.cpp">
      <Filter>Generated Files\DiskSN Release</Filter>
    </ClCompile>
    <ClCompile Include="GeneratedFiles\Debug\moc_cdialogmain.cpp">
      <Filter>Generated Files\Debug</Filter>
    </ClCompile>
    <ClCompile Include="GeneratedFiles\Release\moc_cdialogmain.cpp">
      <Filter>Generated Files\Release</Filter>
    </ClCompile>
    <ClCompile Include="GeneratedFiles\Ukey Release\moc_cdialoghelp.cpp">
      <Filter>Generated Files\Ukey Release</Filter>
    </ClCompile>
    <ClCompile Include="GeneratedFiles\DiskSN Release\moc_cdialoghelp.cpp">
      <Filter>Generated Files\DiskSN Release</Filter>
    </ClCompile>
    <ClCompile Include="GeneratedFiles\Debug\moc_cdialoghelp.cpp">
      <Filter>Generated Files\Debug</Filter>
    </ClCompile>
    <ClCompile Include="GeneratedFiles\Release\moc_cdialoghelp.cpp">
      <Filter>Generated Files\Release</Filter>
    </ClCompile>
    <ClCompile Include="GeneratedFiles\Ukey Release\moc_cdialogdubbing.cpp">
      <Filter>Generated Files\Ukey Release</Filter>
    </ClCompile>
    <ClCompile Include="GeneratedFiles\DiskSN Release\moc_cdialogdubbing.cpp">
      <Filter>Generated Files\DiskSN Release</Filter>
    </ClCompile>
    <ClCompile Include="GeneratedFiles\Debug\moc_cdialogdubbing.cpp">
      <Filter>Generated Files\Debug</Filter>
    </ClCompile>
    <ClCompile Include="GeneratedFiles\Release\moc_cdialogdubbing.cpp">
      <Filter>Generated Files\Release</Filter>
    </ClCompile>
    <ClCompile Include="GeneratedFiles\Ukey Release\moc_cdialogconfig.cpp">
      <Filter>Generated Files\Ukey Release</Filter>
    </ClCompile>
    <ClCompile Include="GeneratedFiles\DiskSN Release\moc_cdialogconfig.cpp">
      <Filter>Generated Files\DiskSN Release</Filter>
    </ClCompile>
    <ClCompile Include="GeneratedFiles\Debug\moc_cdialogconfig.cpp">
      <Filter>Generated Files\Debug</Filter>
    </ClCompile>
    <ClCompile Include="GeneratedFiles\Release\moc_cdialogconfig.cpp">
      <Filter>Generated Files\Release</Filter>
    </ClCompile>
    <ClCompile Include="cdialogclock.cpp">
      <Filter>Source Files</Filter>
    </ClCompile>
    <ClCompile Include="GeneratedFiles\Ukey Release\moc_cdialogclock.cpp">
      <Filter>Generated Files\Ukey Release</Filter>
    </ClCompile>
    <ClCompile Include="GeneratedFiles\LocalMacRelease\moc_cdialogclock.cpp">
      <Filter>Generated Files\LocalMacRelease</Filter>
    </ClCompile>
    <ClCompile Include="GeneratedFiles\DiskSN Release\moc_cdialogclock.cpp">
      <Filter>Generated Files\DiskSN Release</Filter>
    </ClCompile>
    <ClCompile Include="GeneratedFiles\Debug\moc_cdialogclock.cpp">
      <Filter>Generated Files\Debug</Filter>
    </ClCompile>
    <ClCompile Include="GeneratedFiles\Release\moc_cdialogclock.cpp">
      <Filter>Generated Files\Release</Filter>
    </ClCompile>
    <ClCompile Include="cdialogcolorset.cpp">
      <Filter>Source Files</Filter>
    </ClCompile>
    <ClCompile Include="GeneratedFiles\Ukey Release\moc_cdialogcolorset.cpp">
      <Filter>Generated Files\Ukey Release</Filter>
    </ClCompile>
    <ClCompile Include="GeneratedFiles\LocalMacRelease\moc_cdialogcolorset.cpp">
      <Filter>Generated Files\LocalMacRelease</Filter>
    </ClCompile>
    <ClCompile Include="GeneratedFiles\DiskSN Release\moc_cdialogcolorset.cpp">
      <Filter>Generated Files\DiskSN Release</Filter>
    </ClCompile>
    <ClCompile Include="GeneratedFiles\Debug\moc_cdialogcolorset.cpp">
      <Filter>Generated Files\Debug</Filter>
    </ClCompile>
    <ClCompile Include="GeneratedFiles\Release\moc_cdialogcolorset.cpp">
      <Filter>Generated Files\Release</Filter>
    </ClCompile>
  </ItemGroup>
  <ItemGroup>
    <CustomBuild Include="sisecplayer.h">
      <Filter>Header Files</Filter>
    </CustomBuild>
    <CustomBuild Include="sisecplayer.ui">
      <Filter>Form Files</Filter>
    </CustomBuild>
    <CustomBuild Include="sisecplayer.qrc">
      <Filter>Resource Files</Filter>
    </CustomBuild>
    <CustomBuild Include="noflamedlg.h">
      <Filter>Header Files</Filter>
    </CustomBuild>
    <CustomBuild Include="cdialogmain.h">
      <Filter>Header Files</Filter>
    </CustomBuild>
    <CustomBuild Include="cdialogmain.ui">
      <Filter>Form Files</Filter>
    </CustomBuild>
    <CustomBuild Include="cformplayctrl.h">
      <Filter>Header Files</Filter>
    </CustomBuild>
    <CustomBuild Include="cformplayctrl.ui">
      <Filter>Form Files</Filter>
    </CustomBuild>
    <CustomBuild Include="cwidgetplaywnd.h">
      <Filter>Header Files</Filter>
    </CustomBuild>
    <CustomBuild Include="cwidgetplaywnd.ui">
      <Filter>Form Files</Filter>
    </CustomBuild>
    <CustomBuild Include="cmyslider.h">
      <Filter>Header Files</Filter>
    </CustomBuild>
    <CustomBuild Include="singleapllication.h">
      <Filter>Header Files</Filter>
    </CustomBuild>
    <CustomBuild Include="dialog.h">
      <Filter>Header Files</Filter>
    </CustomBuild>
    <CustomBuild Include="dialog.ui">
      <Filter>Form Files</Filter>
    </CustomBuild>
    <CustomBuild Include="cdialogdubbing.h">
      <Filter>Header Files</Filter>
    </CustomBuild>
    <CustomBuild Include="cdialogdubbing.ui">
      <Filter>Form Files</Filter>
    </CustomBuild>
    <CustomBuild Include="cdialoghelp.h">
      <Filter>Header Files</Filter>
    </CustomBuild>
    <CustomBuild Include="cdialoghelp.ui">
      <Filter>Form Files</Filter>
    </CustomBuild>
    <CustomBuild Include="cdialogconfig.h">
      <Filter>Header Files</Filter>
    </CustomBuild>
    <CustomBuild Include="cdialogconfig.ui">
      <Filter>Form Files</Filter>
    </CustomBuild>
    <CustomBuild Include="cdialogmessagebox.h">
      <Filter>Header Files</Filter>
    </CustomBuild>
    <CustomBuild Include="cdialogmessagebox.ui">
      <Filter>Form Files</Filter>
    </CustomBuild>
    <CustomBuild Include="cupdatedlg.h">
      <Filter>Header Files</Filter>
    </CustomBuild>
    <CustomBuild Include="cupdatedlg.ui">
      <Filter>Form Files</Filter>
    </CustomBuild>
    <CustomBuild Include="cdialogconverter.h">
      <Filter>Header Files</Filter>
    </CustomBuild>
    <CustomBuild Include="cdialogconverter.ui">
      <Filter>Form Files</Filter>
    </CustomBuild>
    <CustomBuild Include="cdialogconverterpreview.h">
      <Filter>Header Files</Filter>
    </CustomBuild>
    <CustomBuild Include="cdialogconverterpreview.ui">
      <Filter>Form Files</Filter>
    </CustomBuild>
    <CustomBuild Include="cdialogcut.h">
      <Filter>Header Files</Filter>
    </CustomBuild>
    <CustomBuild Include="cdialogcut.ui">
      <Filter>Form Files</Filter>
    </CustomBuild>
    <CustomBuild Include="GeneratedFiles\Ukey Release\cdialogconverter.moc">
      <Filter>Generated Files\Ukey Release</Filter>
    </CustomBuild>
    <CustomBuild Include="GeneratedFiles\DiskSN Release\cdialogconverter.moc">
      <Filter>Generated Files\DiskSN Release</Filter>
    </CustomBuild>
    <CustomBuild Include="cdialogclock.h">
      <Filter>Header Files</Filter>
    </CustomBuild>
    <CustomBuild Include="cdialogclock.ui">
      <Filter>Form Files</Filter>
    </CustomBuild>
    <CustomBuild Include="cdialogcolorset.h">
      <Filter>Header Files</Filter>
    </CustomBuild>
    <CustomBuild Include="cdialogcolorset.ui">
      <Filter>Form Files</Filter>
    </CustomBuild>
  </ItemGroup>
  <ItemGroup>
    <ClInclude Include="GeneratedFiles\ui_sisecplayer.h">
      <Filter>Generated Files</Filter>
    </ClInclude>
    <ClInclude Include="GeneratedFiles\ui_cdialogmain.h">
      <Filter>Generated Files</Filter>
    </ClInclude>
    <ClInclude Include="GeneratedFiles\ui_cformplayctrl.h">
      <Filter>Generated Files</Filter>
    </ClInclude>
    <ClInclude Include="GeneratedFiles\ui_cwidgetplaywnd.h">
      <Filter>Generated Files</Filter>
    </ClInclude>
    <ClInclude Include="CommonFunc.h">
      <Filter>Header Files</Filter>
    </ClInclude>
    <ClInclude Include="GetMac.h">
      <Filter>Header Files</Filter>
    </ClInclude>
    <ClInclude Include="md5.h">
      <Filter>Header Files</Filter>
    </ClInclude>
    <ClInclude Include="GeneratedFiles\ui_dialog.h">
      <Filter>Generated Files</Filter>
    </ClInclude>
    <ClInclude Include="settings.h">
      <Filter>Header Files</Filter>
    </ClInclude>
    <ClInclude Include="GeneratedFiles\ui_cdialogdubbing.h">
      <Filter>Generated Files</Filter>
    </ClInclude>
    <ClInclude Include="GeneratedFiles\ui_cdialoghelp.h">
      <Filter>Generated Files</Filter>
    </ClInclude>
    <ClInclude Include="GeneratedFiles\ui_cdialogconfig.h">
      <Filter>Generated Files</Filter>
    </ClInclude>
    <ClInclude Include="GeneratedFiles\ui_cdialogmessagebox.h">
      <Filter>Generated Files</Filter>
    </ClInclude>
    <ClInclude Include="GeneratedFiles\ui_cupdatedlg.h">
      <Filter>Generated Files</Filter>
    </ClInclude>
    <ClInclude Include="GetdiskSN.h">
      <Filter>Header Files</Filter>
    </ClInclude>
    <ClInclude Include="GeneratedFiles\ui_cdialogconverter.h">
      <Filter>Generated Files</Filter>
    </ClInclude>
    <ClInclude Include="GeneratedFiles\ui_cdialogconverterpreview.h">
      <Filter>Generated Files</Filter>
    </ClInclude>
    <ClInclude Include="public_def.h">
      <Filter>Header Files</Filter>
    </ClInclude>
    <ClInclude Include="GeneratedFiles\ui_cdialogcut.h">
      <Filter>Generated Files</Filter>
    </ClInclude>
    <ClInclude Include="GeneratedFiles\ui_cdialogclock.h">
      <Filter>Generated Files</Filter>
    </ClInclude>
    <ClInclude Include="GeneratedFiles\ui_cdialogcolorset.h">
      <Filter>Generated Files</Filter>
    </ClInclude>
  </ItemGroup>
  <ItemGroup>
    <ResourceCompile Include="sisecplayer.rc" />
  </ItemGroup>
</Project>